<?xml version="1.0" encoding="utf-8"?>
<Project ToolsVersion="4.0" xmlns="http://schemas.microsoft.com/developer/msbuild/2003">
  <ItemGroup>
    <Filter Include="src">
      <UniqueIdentifier>{4FC737F1-C7A5-4376-A066-2A32D752A2FF}</UniqueIdentifier>
      <Extensions>cpp;c;cc;cxx;c++;cppm;ixx;def;odl;idl;hpj;bat;asm;asmx</Extensions>
    </Filter>
    <Filter Include="src\automation">
      <UniqueIdentifier>{e6b24429-2832-4c0a-87e0-48c2f9181a04}</UniqueIdentifier>
    </Filter>
  </ItemGroup>
  <ItemGroup>
    <ClCompile Include="src\automation\automate.cpp">
      <Filter>src\automation</Filter>
    </ClCompile>
    <ClCompile Include="src\automation\communication.cpp">
      <Filter>src\automation</Filter>
    </ClCompile>
    <ClCompile Include="src\test.cpp">
      <Filter>src</Filter>
    </ClCompile>
    <ClCompile Include="src\AI\agents\bilge\bilge.cpp">
      <Filter>src</Filter>
    </ClCompile>
    <ClCompile Include="src\manager\manager.cpp" />
  </ItemGroup>
  <ItemGroup>
    <ClInclude Include="src\automation\communication.h">
      <Filter>src\automation</Filter>
    </ClInclude>
    <ClInclude Include="src\automation\automate.h">
      <Filter>src\automation</Filter>
    </ClInclude>
    <ClInclude Include="src\manager\manager.h" />
  </ItemGroup>
</Project>